# @generated - this file is auto-generated by `mise lock` https://mise.en.dev/dev-tools/mise-lock.html

[[tools.go]]
version = "1.26.2"
backend = "core:go"

[[tools.golangci-lint]]
version = "2.12.2"
backend = "aqua:golangci/golangci-lint"

[[tools.helm]]
version = "3.20.2"
backend = "aqua:helm/helm"

[[tools.node]]
version = "25.9.0"
backend = "core:node"

[[tools.swag]]
version = "1.16.6"
backend = "aqua:swaggo/swag"

[[tools.yq]]
version = "4.53.2"
backend = "aqua:mikefarah/yq"
